// !$*UTF8*$!
{
	archiveVersion = 1;
	classes = {
	};
	objectVersion = 56;
	objects = {

/* Begin PBXBuildFile section */
		8979C8562BC77033003D6591 /* Model.swift in Sources */ = {isa = PBXBuildFile; fileRef = 8979C8552BC77033003D6591 /* Model.swift */; };
		8979C8582BC7DC05003D6591 /* subwayDetailViewController.swift in Sources */ = {isa = PBXBuildFile; fileRef = 8979C8572BC7DC05003D6591 /* subwayDetailViewController.swift */; };
		8979C85A2BC96E6F003D6591 /* TimePickerViewController.swift in Sources */ = {isa = PBXBuildFile; fileRef = 8979C8592BC96E6F003D6591 /* TimePickerViewController.swift */; };
		8979C85C2BCA71CB003D6591 /* LocationManager.swift in Sources */ = {isa = PBXBuildFile; fileRef = 8979C85B2BCA71CB003D6591 /* LocationManager.swift */; };
		8999760F2BC648A400A9801C /* modalViewController.swift in Sources */ = {isa = PBXBuildFile; fileRef = 8999760E2BC648A400A9801C /* modalViewController.swift */; };
		899976112BC64C7200A9801C /* subwayViewController.swift in Sources */ = {isa = PBXBuildFile; fileRef = 899976102BC64C7200A9801C /* subwayViewController.swift */; };
		899976132BC64EBF00A9801C /* UIColor+Extention.swift in Sources */ = {isa = PBXBuildFile; fileRef = 899976122BC64EBF00A9801C /* UIColor+Extention.swift */; };
		89E879B22BCB9E9F003596D5 /* Alamofire in Frameworks */ = {isa = PBXBuildFile; productRef = 89E879B12BCB9E9F003596D5 /* Alamofire */; };
		89E879B42BCB9E9F003596D5 /* AlamofireDynamic in Frameworks */ = {isa = PBXBuildFile; productRef = 89E879B32BCB9E9F003596D5 /* AlamofireDynamic */; };
		89EC19B82BC51FF900D74BEB /* AppDelegate.swift in Sources */ = {isa = PBXBuildFile; fileRef = 89EC19B72BC51FF900D74BEB /* AppDelegate.swift */; };
		89EC19BA2BC51FF900D74BEB /* SceneDelegate.swift in Sources */ = {isa = PBXBuildFile; fileRef = 89EC19B92BC51FF900D74BEB /* SceneDelegate.swift */; };
		89EC19BF2BC51FF900D74BEB /* Base in Resources */ = {isa = PBXBuildFile; fileRef = 89EC19BE2BC51FF900D74BEB /* Base */; };
		89EC19C12BC51FFA00D74BEB /* Assets.xcassets in Resources */ = {isa = PBXBuildFile; fileRef = 89EC19C02BC51FFA00D74BEB /* Assets.xcassets */; };
		89EC19C42BC51FFA00D74BEB /* Base in Resources */ = {isa = PBXBuildFile; fileRef = 89EC19C32BC51FFA00D74BEB /* Base */; };
		89EC19F82BC6429E00D74BEB /* mainTabBarController.swift in Sources */ = {isa = PBXBuildFile; fileRef = 89EC19F72BC6429E00D74BEB /* mainTabBarController.swift */; };
/* End PBXBuildFile section */

/* Begin PBXFileReference section */
		8979C8552BC77033003D6591 /* Model.swift */ = {isa = PBXFileReference; lastKnownFileType = sourcecode.swift; path = Model.swift; sourceTree = "<group>"; };
		8979C8572BC7DC05003D6591 /* subwayDetailViewController.swift */ = {isa = PBXFileReference; lastKnownFileType = sourcecode.swift; path = subwayDetailViewController.swift; sourceTree = "<group>"; };
		8979C8592BC96E6F003D6591 /* TimePickerViewController.swift */ = {isa = PBXFileReference; lastKnownFileType = sourcecode.swift; path = TimePickerViewController.swift; sourceTree = "<group>"; };
		8979C85B2BCA71CB003D6591 /* LocationManager.swift */ = {isa = PBXFileReference; lastKnownFileType = sourcecode.swift; path = LocationManager.swift; sourceTree = "<group>"; };
		8999760E2BC648A400A9801C /* modalViewController.swift */ = {isa = PBXFileReference; lastKnownFileType = sourcecode.swift; path = modalViewController.swift; sourceTree = "<group>"; };
		899976102BC64C7200A9801C /* subwayViewController.swift */ = {isa = PBXFileReference; lastKnownFileType = sourcecode.swift; path = subwayViewController.swift; sourceTree = "<group>"; };
		899976122BC64EBF00A9801C /* UIColor+Extention.swift */ = {isa = PBXFileReference; lastKnownFileType = sourcecode.swift; path = "UIColor+Extention.swift"; sourceTree = "<group>"; };
		89EC19B42BC51FF900D74BEB /* CustomTabbar.app */ = {isa = PBXFileReference; explicitFileType = wrapper.application; includeInIndex = 0; path = CustomTabbar.app; sourceTree = BUILT_PRODUCTS_DIR; };
		89EC19B72BC51FF900D74BEB /* AppDelegate.swift */ = {isa = PBXFileReference; lastKnownFileType = sourcecode.swift; path = AppDelegate.swift; sourceTree = "<group>"; };
		89EC19B92BC51FF900D74BEB /* SceneDelegate.swift */ = {isa = PBXFileReference; lastKnownFileType = sourcecode.swift; path = SceneDelegate.swift; sourceTree = "<group>"; };
		89EC19BE2BC51FF900D74BEB /* Base */ = {isa = PBXFileReference; lastKnownFileType = file.storyboard; name = Base; path = Base.lproj/Main.storyboard; sourceTree = "<group>"; };
		89EC19C02BC51FFA00D74BEB /* Assets.xcassets */ = {isa = PBXFileReference; lastKnownFileType = folder.assetcatalog; path = Assets.xcassets; sourceTree = "<group>"; };
		89EC19C32BC51FFA00D74BEB /* Base */ = {isa = PBXFileReference; lastKnownFileType = file.storyboard; name = Base; path = Base.lproj/LaunchScreen.storyboard; sourceTree = "<group>"; };
		89EC19C52BC51FFA00D74BEB /* Info.plist */ = {isa = PBXFileReference; lastKnownFileType = text.plist.xml; path = Info.plist; sourceTree = "<group>"; };
		89EC19F72BC6429E00D74BEB /* mainTabBarController.swift */ = {isa = PBXFileReference; lastKnownFileType = sourcecode.swift; path = mainTabBarController.swift; sourceTree = "<group>"; };
/* End PBXFileReference section */

/* Begin PBXFrameworksBuildPhase section */
		89EC19B12BC51FF900D74BEB /* Frameworks */ = {
			isa = PBXFrameworksBuildPhase;
			buildActionMask = 2147483647;
			files = (
				89E879B22BCB9E9F003596D5 /* Alamofire in Frameworks */,
				89E879B42BCB9E9F003596D5 /* AlamofireDynamic in Frameworks */,
			);
			runOnlyForDeploymentPostprocessing = 0;
		};
/* End PBXFrameworksBuildPhase section */

/* Begin PBXGroup section */
		89EC19AB2BC51FF900D74BEB = {
			isa = PBXGroup;
			children = (
				89EC19B62BC51FF900D74BEB /* CustomTabbar */,
				89EC19B52BC51FF900D74BEB /* Products */,
			);
			sourceTree = "<group>";
		};
		89EC19B52BC51FF900D74BEB /* Products */ = {
			isa = PBXGroup;
			children = (
				89EC19B42BC51FF900D74BEB /* CustomTabbar.app */,
			);
			name = Products;
			sourceTree = "<group>";
		};
		89EC19B62BC51FF900D74BEB /* CustomTabbar */ = {
			isa = PBXGroup;
			children = (
				89EC19B72BC51FF900D74BEB /* AppDelegate.swift */,
				89EC19B92BC51FF900D74BEB /* SceneDelegate.swift */,
				89EC19F72BC6429E00D74BEB /* mainTabBarController.swift */,
				899976102BC64C7200A9801C /* subwayViewController.swift */,
				8999760E2BC648A400A9801C /* modalViewController.swift */,
				8979C8572BC7DC05003D6591 /* subwayDetailViewController.swift */,
				8979C8592BC96E6F003D6591 /* TimePickerViewController.swift */,
				8979C85B2BCA71CB003D6591 /* LocationManager.swift */,
				899976122BC64EBF00A9801C /* UIColor+Extention.swift */,
				8979C8552BC77033003D6591 /* Model.swift */,
				89EC19BD2BC51FF900D74BEB /* Main.storyboard */,
				89EC19C02BC51FFA00D74BEB /* Assets.xcassets */,
				89EC19C22BC51FFA00D74BEB /* LaunchScreen.storyboard */,
				89EC19C52BC51FFA00D74BEB /* Info.plist */,
			);
			path = CustomTabbar;
			sourceTree = "<group>";
		};
/* End PBXGroup section */

/* Begin PBXNativeTarget section */
		89EC19B32BC51FF900D74BEB /* CustomTabbar */ = {
			isa = PBXNativeTarget;
			buildConfigurationList = 89EC19C82BC51FFA00D74BEB /* Build configuration list for PBXNativeTarget "CustomTabbar" */;
			buildPhases = (
				89EC19B02BC51FF900D74BEB /* Sources */,
				89EC19B12BC51FF900D74BEB /* Frameworks */,
				89EC19B22BC51FF900D74BEB /* Resources */,
			);
			buildRules = (
			);
			dependencies = (
			);
			name = CustomTabbar;
			packageProductDependencies = (
				89E879B12BCB9E9F003596D5 /* Alamofire */,
				89E879B32BCB9E9F003596D5 /* AlamofireDynamic */,
			);
			productName = CustomTabbar;
			productReference = 89EC19B42BC51FF900D74BEB /* CustomTabbar.app */;
			productType = "com.apple.product-type.application";
		};
/* End PBXNativeTarget section */

/* Begin PBXProject section */
		89EC19AC2BC51FF900D74BEB /* Project object */ = {
			isa = PBXProject;
			attributes = {
				BuildIndependentTargetsInParallel = 1;
				LastSwiftUpdateCheck = 1530;
				LastUpgradeCheck = 1530;
				TargetAttributes = {
					89EC19B32BC51FF900D74BEB = {
						CreatedOnToolsVersion = 15.3;
					};
				};
			};
			buildConfigurationList = 89EC19AF2BC51FF900D74BEB /* Build configuration list for PBXProject "CustomTabbar" */;
			compatibilityVersion = "Xcode 14.0";
			developmentRegion = en;
			hasScannedForEncodings = 0;
			knownRegions = (
				en,
				Base,
			);
			mainGroup = 89EC19AB2BC51FF900D74BEB;
			packageReferences = (
				89E879B02BCB9E9F003596D5 /* XCRemoteSwiftPackageReference "Alamofire" */,
			);
			productRefGroup = 89EC19B52BC51FF900D74BEB /* Products */;
			projectDirPath = "";
			projectRoot = "";
			targets = (
				89EC19B32BC51FF900D74BEB /* CustomTabbar */,
			);
		};
/* End PBXProject section */

/* Begin PBXResourcesBuildPhase section */
		89EC19B22BC51FF900D74BEB /* Resources */ = {
			isa = PBXResourcesBuildPhase;
			buildActionMask = 2147483647;
			files = (
				89EC19C12BC51FFA00D74BEB /* Assets.xcassets in Resources */,
				89EC19C42BC51FFA00D74BEB /* Base in Resources */,
				89EC19BF2BC51FF900D74BEB /* Base in Resources */,
			);
			runOnlyForDeploymentPostprocessing = 0;
		};
/* End PBXResourcesBuildPhase section */

/* Begin PBXSourcesBuildPhase section */
		89EC19B02BC51FF900D74BEB /* Sources */ = {
			isa = PBXSourcesBuildPhase;
			buildActionMask = 2147483647;
			files = (
				8979C8582BC7DC05003D6591 /* subwayDetailViewController.swift in Sources */,
				8979C8562BC77033003D6591 /* Model.swift in Sources */,
				8979C85C2BCA71CB003D6591 /* LocationManager.swift in Sources */,
				899976132BC64EBF00A9801C /* UIColor+Extention.swift in Sources */,
				8999760F2BC648A400A9801C /* modalViewController.swift in Sources */,
				8979C85A2BC96E6F003D6591 /* TimePickerViewController.swift in Sources */,
				89EC19B82BC51FF900D74BEB /* AppDelegate.swift in Sources */,
				89EC19BA2BC51FF900D74BEB /* SceneDelegate.swift in Sources */,
				899976112BC64C7200A9801C /* subwayViewController.swift in Sources */,
				89EC19F82BC6429E00D74BEB /* mainTabBarController.swift in Sources */,
			);
			runOnlyForDeploymentPostprocessing = 0;
		};
/* End PBXSourcesBuildPhase section */

/* Begin PBXVariantGroup section */
		89EC19BD2BC51FF900D74BEB /* Main.storyboard */ = {
			isa = PBXVariantGroup;
			children = (
				89EC19BE2BC51FF900D74BEB /* Base */,
			);
			name = Main.storyboard;
			sourceTree = "<group>";
		};
		89EC19C22BC51FFA00D74BEB /* LaunchScreen.storyboard */ = {
			isa = PBXVariantGroup;
			children = (
				89EC19C32BC51FFA00D74BEB /* Base */,
			);
			name = LaunchScreen.storyboard;
			sourceTree = "<group>";
		};
/* End PBXVariantGroup section */

/* Begin XCBuildConfiguration section */
		89EC19C62BC51FFA00D74BEB /* Debug */ = {
			isa = XCBuildConfiguration;
			buildSettings = {
				ALWAYS_SEARCH_USER_PATHS = NO;
				ASSETCATALOG_COMPILER_GENERATE_SWIFT_ASSET_SYMBOL_EXTENSIONS = YES;
				CLANG_ANALYZER_NONNULL = YES;
				CLANG_ANALYZER_NUMBER_OBJECT_CONVERSION = YES_AGGRESSIVE;
				CLANG_CXX_LANGUAGE_STANDARD = "gnu++20";
				CLANG_ENABLE_MODULES = YES;
				CLANG_ENABLE_OBJC_ARC = YES;
				CLANG_ENABLE_OBJC_WEAK = YES;
				CLANG_WARN_BLOCK_CAPTURE_AUTORELEASING = YES;
				CLANG_WARN_BOOL_CONVERSION = YES;
				CLANG_WARN_COMMA = YES;
				CLANG_WARN_CONSTANT_CONVERSION = YES;
				CLANG_WARN_DEPRECATED_OBJC_IMPLEMENTATIONS = YES;
				CLANG_WARN_DIRECT_OBJC_ISA_USAGE = YES_ERROR;
				CLANG_WARN_DOCUMENTATION_COMMENTS = YES;
				CLANG_WARN_EMPTY_BODY = YES;
				CLANG_WARN_ENUM_CONVERSION = YES;
				CLANG_WARN_INFINITE_RECURSION = YES;
				CLANG_WARN_INT_CONVERSION = YES;
				CLANG_WARN_NON_LITERAL_NULL_CONVERSION = YES;
				CLANG_WARN_OBJC_IMPLICIT_RETAIN_SELF = YES;
				CLANG_WARN_OBJC_LITERAL_CONVERSION = YES;
				CLANG_WARN_OBJC_ROOT_CLASS = YES_ERROR;
				CLANG_WARN_QUOTED_INCLUDE_IN_FRAMEWORK_HEADER = YES;
				CLANG_WARN_RANGE_LOOP_ANALYSIS = YES;
				CLANG_WARN_STRICT_PROTOTYPES = YES;
				CLANG_WARN_SUSPICIOUS_MOVE = YES;
				CLANG_WARN_UNGUARDED_AVAILABILITY = YES_AGGRESSIVE;
				CLANG_WARN_UNREACHABLE_CODE = YES;
				CLANG_WARN__DUPLICATE_METHOD_MATCH = YES;
				COPY_PHASE_STRIP = NO;
				DEBUG_INFORMATION_FORMAT = dwarf;
				ENABLE_STRICT_OBJC_MSGSEND = YES;
				ENABLE_TESTABILITY = YES;
				ENABLE_USER_SCRIPT_SANDBOXING = YES;
				GCC_C_LANGUAGE_STANDARD = gnu17;
				GCC_DYNAMIC_NO_PIC = NO;
				GCC_NO_COMMON_BLOCKS = YES;
				GCC_OPTIMIZATION_LEVEL = 0;
				GCC_PREPROCESSOR_DEFINITIONS = (
					"DEBUG=1",
					"$(inherited)",
				);
				GCC_WARN_64_TO_32_BIT_CONVERSION = YES;
				GCC_WARN_ABOUT_RETURN_TYPE = YES_ERROR;
				GCC_WARN_UNDECLARED_SELECTOR = YES;
				GCC_WARN_UNINITIALIZED_AUTOS = YES_AGGRESSIVE;
				GCC_WARN_UNUSED_FUNCTION = YES;
				GCC_WARN_UNUSED_VARIABLE = YES;
				IPHONEOS_DEPLOYMENT_TARGET = 17.4;
				LOCALIZATION_PREFERS_STRING_CATALOGS = YES;
				MTL_ENABLE_DEBUG_INFO = INCLUDE_SOURCE;
				MTL_FAST_MATH = YES;
				ONLY_ACTIVE_ARCH = YES;
				SDKROOT = iphoneos;
				SWIFT_ACTIVE_COMPILATION_CONDITIONS = "DEBUG $(inherited)";
				SWIFT_OPTIMIZATION_LEVEL = "-Onone";
			};
			name = Debug;
		};
		89EC19C72BC51FFA00D74BEB /* Release */ = {
			isa = XCBuildConfiguration;
			buildSettings = {
				ALWAYS_SEARCH_USER_PATHS = NO;
				ASSETCATALOG_COMPILER_GENERATE_SWIFT_ASSET_SYMBOL_EXTENSIONS = YES;
				CLANG_ANALYZER_NONNULL = YES;
				CLANG_ANALYZER_NUMBER_OBJECT_CONVERSION = YES_AGGRESSIVE;
				CLANG_CXX_LANGUAGE_STANDARD = "gnu++20";
				CLANG_ENABLE_MODULES = YES;
				CLANG_ENABLE_OBJC_ARC = YES;
				CLANG_ENABLE_OBJC_WEAK = YES;
				CLANG_WARN_BLOCK_CAPTURE_AUTORELEASING = YES;
				CLANG_WARN_BOOL_CONVERSION = YES;
				CLANG_WARN_COMMA = YES;
				CLANG_WARN_CONSTANT_CONVERSION = YES;
				CLANG_WARN_DEPRECATED_OBJC_IMPLEMENTATIONS = YES;
				CLANG_WARN_DIRECT_OBJC_ISA_USAGE = YES_ERROR;
				CLANG_WARN_DOCUMENTATION_COMMENTS = YES;
				CLANG_WARN_EMPTY_BODY = YES;
				CLANG_WARN_ENUM_CONVERSION = YES;
				CLANG_WARN_INFINITE_RECURSION = YES;
				CLANG_WARN_INT_CONVERSION = YES;
				CLANG_WARN_NON_LITERAL_NULL_CONVERSION = YES;
				CLANG_WARN_OBJC_IMPLICIT_RETAIN_SELF = YES;
				CLANG_WARN_OBJC_LITERAL_CONVERSION = YES;
				CLANG_WARN_OBJC_ROOT_CLASS = YES_ERROR;
				CLANG_WARN_QUOTED_INCLUDE_IN_FRAMEWORK_HEADER = YES;
				CLANG_WARN_RANGE_LOOP_ANALYSIS = YES;
				CLANG_WARN_STRICT_PROTOTYPES = YES;
				CLANG_WARN_SUSPICIOUS_MOVE = YES;
				CLANG_WARN_UNGUARDED_AVAILABILITY = YES_AGGRESSIVE;
				CLANG_WARN_UNREACHABLE_CODE = YES;
				CLANG_WARN__DUPLICATE_METHOD_MATCH = YES;
				COPY_PHASE_STRIP = NO;
				DEBUG_INFORMATION_FORMAT = "dwarf-with-dsym";
				ENABLE_NS_ASSERTIONS = NO;
				ENABLE_STRICT_OBJC_MSGSEND = YES;
				ENABLE_USER_SCRIPT_SANDBOXING = YES;
				GCC_C_LANGUAGE_STANDARD = gnu17;
				GCC_NO_COMMON_BLOCKS = YES;
				GCC_WARN_64_TO_32_BIT_CONVERSION = YES;
				GCC_WARN_ABOUT_RETURN_TYPE = YES_ERROR;
				GCC_WARN_UNDECLARED_SELECTOR = YES;
				GCC_WARN_UNINITIALIZED_AUTOS = YES_AGGRESSIVE;
				GCC_WARN_UNUSED_FUNCTION = YES;
				GCC_WARN_UNUSED_VARIABLE = YES;
				IPHONEOS_DEPLOYMENT_TARGET = 17.4;
				LOCALIZATION_PREFERS_STRING_CATALOGS = YES;
				MTL_ENABLE_DEBUG_INFO = NO;
				MTL_FAST_MATH = YES;
				SDKROOT = iphoneos;
				SWIFT_COMPILATION_MODE = wholemodule;
				VALIDATE_PRODUCT = YES;
			};
			name = Release;
		};
		89EC19C92BC51FFA00D74BEB /* Debug */ = {
			isa = XCBuildConfiguration;
			buildSettings = {
				ASSETCATALOG_COMPILER_APPICON_NAME = AppIcon;
				ASSETCATALOG_COMPILER_GLOBAL_ACCENT_COLOR_NAME = AccentColor;
				CODE_SIGN_STYLE = Automatic;
				CURRENT_PROJECT_VERSION = 1;
				DEVELOPMENT_TEAM = HM2NVY3RQP;
				GENERATE_INFOPLIST_FILE = YES;
				INFOPLIST_FILE = CustomTabbar/Info.plist;
				INFOPLIST_KEY_UIApplicationSupportsIndirectInputEvents = YES;
				INFOPLIST_KEY_UILaunchStoryboardName = LaunchScreen;
				INFOPLIST_KEY_UIMainStoryboardFile = Main;
				INFOPLIST_KEY_UISupportedInterfaceOrientations_iPad = "UIInterfaceOrientationPortrait UIInterfaceOrientationPortraitUpsideDown UIInterfaceOrientationLandscapeLeft UIInterfaceOrientationLandscapeRight";
				INFOPLIST_KEY_UISupportedInterfaceOrientations_iPhone = "UIInterfaceOrientationPortrait UIInterfaceOrientationLandscapeLeft UIInterfaceOrientationLandscapeRight";
				LD_RUNPATH_SEARCH_PATHS = (
					"$(inherited)",
					"@executable_path/Frameworks",
				);
				MARKETING_VERSION = 1.0;
				PRODUCT_BUNDLE_IDENTIFIER = com.suye0ng.CustomTabbar;
				PRODUCT_NAME = "$(TARGET_NAME)";
				SWIFT_EMIT_LOC_STRINGS = YES;
				SWIFT_VERSION = 5.0;
				TARGETED_DEVICE_FAMILY = "1,2";
			};
			name = Debug;
		};
		89EC19CA2BC51FFA00D74BEB /* Release */ = {
			isa = XCBuildConfiguration;
			buildSettings = {
				ASSETCATALOG_COMPILER_APPICON_NAME = AppIcon;
				ASSETCATALOG_COMPILER_GLOBAL_ACCENT_COLOR_NAME = AccentColor;
				CODE_SIGN_STYLE = Automatic;
				CURRENT_PROJECT_VERSION = 1;
				DEVELOPMENT_TEAM = HM2NVY3RQP;
				GENERATE_INFOPLIST_FILE = YES;
				INFOPLIST_FILE = CustomTabbar/Info.plist;
				INFOPLIST_KEY_UIApplicationSupportsIndirectInputEvents = YES;
				INFOPLIST_KEY_UILaunchStoryboardName = LaunchScreen;
				INFOPLIST_KEY_UIMainStoryboardFile = Main;
				INFOPLIST_KEY_UISupportedInterfaceOrientations_iPad = "UIInterfaceOrientationPortrait UIInterfaceOrientationPortraitUpsideDown UIInterfaceOrientationLandscapeLeft UIInterfaceOrientationLandscapeRight";
				INFOPLIST_KEY_UISupportedInterfaceOrientations_iPhone = "UIInterfaceOrientationPortrait UIInterfaceOrientationLandscapeLeft UIInterfaceOrientationLandscapeRight";
				LD_RUNPATH_SEARCH_PATHS = (
					"$(inherited)",
					"@executable_path/Frameworks",
				);
				MARKETING_VERSION = 1.0;
				PRODUCT_BUNDLE_IDENTIFIER = com.suye0ng.CustomTabbar;
				PRODUCT_NAME = "$(TARGET_NAME)";
				SWIFT_EMIT_LOC_STRINGS = YES;
				SWIFT_VERSION = 5.0;
				TARGETED_DEVICE_FAMILY = "1,2";
			};
			name = Release;
		};
/* End XCBuildConfiguration section */

/* Begin XCConfigurationList section */
		89EC19AF2BC51FF900D74BEB /* Build configuration list for PBXProject "CustomTabbar" */ = {
			isa = XCConfigurationList;
			buildConfigurations = (
				89EC19C62BC51FFA00D74BEB /* Debug */,
				89EC19C72BC51FFA00D74BEB /* Release */,
			);
			defaultConfigurationIsVisible = 0;
			defaultConfigurationName = Release;
		};
		89EC19C82BC51FFA00D74BEB /* Build configuration list for PBXNativeTarget "CustomTabbar" */ = {
			isa = XCConfigurationList;
			buildConfigurations = (
				89EC19C92BC51FFA00D74BEB /* Debug */,
				89EC19CA2BC51FFA00D74BEB /* Release */,
			);
			defaultConfigurationIsVisible = 0;
			defaultConfigurationName = Release;
		};
/* End XCConfigurationList section */

/* Begin XCRemoteSwiftPackageReference section */
		89E879B02BCB9E9F003596D5 /* XCRemoteSwiftPackageReference "Alamofire" */ = {
			isa = XCRemoteSwiftPackageReference;
			repositoryURL = "https://github.com/Alamofire/Alamofire.git";
			requirement = {
				kind = upToNextMajorVersion;
				minimumVersion = 5.9.1;
			};
		};
/* End XCRemoteSwiftPackageReference section */

/* Begin XCSwiftPackageProductDependency section */
		89E879B12BCB9E9F003596D5 /* Alamofire */ = {
			isa = XCSwiftPackageProductDependency;
			package = 89E879B02BCB9E9F003596D5 /* XCRemoteSwiftPackageReference "Alamofire" */;
			productName = Alamofire;
		};
		89E879B32BCB9E9F003596D5 /* AlamofireDynamic */ = {
			isa = XCSwiftPackageProductDependency;
			package = 89E879B02BCB9E9F003596D5 /* XCRemoteSwiftPackageReference "Alamofire" */;
			productName = AlamofireDynamic;
		};
/* End XCSwiftPackageProductDependency section */
	};
	rootObject = 89EC19AC2BC51FF900D74BEB /* Project object */;
}
